
Microsoft Visual Studio Solution File, Format Version 12.00
# Visual Studio Version 17
VisualStudioVersion = 17.14.36121.58
MinimumVisualStudioVersion = 10.0.40219.1
Project("{FAE04EC0-301F-11D3-BF4B-00C04F79EFBC}") = "KampIntro", "KampIntro\KampIntro.csproj", "{14295599-68D4-4B42-AEBE-DDBAE05A4978}"
EndProject
Project("{FAE04EC0-301F-11D3-BF4B-00C04F79EFBC}") = "Donguler", "Donguler\Donguler.csproj", "{772875F9-158E-4757-9763-D18F0C448AFE}"
EndProject
Project("{FAE04EC0-301F-11D3-BF4B-00C04F79EFBC}") = "ClassIntro", "ClassIntro\ClassIntro.csproj", "{3D545DF6-96E7-4DDC-A0F7-87DAD99505F0}"
EndProject
Project("{FAE04EC0-301F-11D3-BF4B-00C04F79EFBC}") = "Metotlar", "Metotlar\Metotlar.csproj", "{E7CD294D-73AA-4888-A858-3B318B998364}"
EndProject
Project("{FAE04EC0-301F-11D3-BF4B-00C04F79EFBC}") = "Matematik", "Matematik\Matematik.csproj", "{63053331-1FA3-4A0F-9BC9-E88BE6F9860D}"
EndProject
Project("{FAE04EC0-301F-11D3-BF4B-00C04F79EFBC}") = "DegerVeReferansTipler", "DegerVeReferansTipler\DegerVeReferansTipler.csproj", "{4A3C6B62-1BAD-440A-8634-A85A3E4A803F}"
EndProject
Project("{FAE04EC0-301F-11D3-BF4B-00C04F79EFBC}") = "OOP1", "OOP1\OOP1.csproj", "{AF3EC447-A7BB-4D03-A385-886FD69760F7}"
EndProject
Project("{FAE04EC0-301F-11D3-BF4B-00C04F79EFBC}") = "Koleksiyonlar", "Koleksiyonlar\Koleksiyonlar.csproj", "{5240419F-169A-4981-86D0-31BDDA289903}"
EndProject
Project("{FAE04EC0-301F-11D3-BF4B-00C04F79EFBC}") = "GenericsIntro", "GenericsIntro\GenericsIntro.csproj", "{723270D6-7A1C-4DAD-9B58-2E698396E18A}"
EndProject
Global
	GlobalSection(SolutionConfigurationPlatforms) = preSolution
		Debug|Any CPU = Debug|Any CPU
		Release|Any CPU = Release|Any CPU
	EndGlobalSection
	GlobalSection(ProjectConfigurationPlatforms) = postSolution
		{14295599-68D4-4B42-AEBE-DDBAE05A4978}.Debug|Any CPU.ActiveCfg = Debug|Any CPU
		{14295599-68D4-4B42-AEBE-DDBAE05A4978}.Debug|Any CPU.Build.0 = Debug|Any CPU
		{14295599-68D4-4B42-AEBE-DDBAE05A4978}.Release|Any CPU.ActiveCfg = Release|Any CPU
		{14295599-68D4-4B42-AEBE-DDBAE05A4978}.Release|Any CPU.Build.0 = Release|Any CPU
		{772875F9-158E-4757-9763-D18F0C448AFE}.Debug|Any CPU.ActiveCfg = Debug|Any CPU
		{772875F9-158E-4757-9763-D18F0C448AFE}.Debug|Any CPU.Build.0 = Debug|Any CPU
		{772875F9-158E-4757-9763-D18F0C448AFE}.Release|Any CPU.ActiveCfg = Release|Any CPU
		{772875F9-158E-4757-9763-D18F0C448AFE}.Release|Any CPU.Build.0 = Release|Any CPU
		{3D545DF6-96E7-4DDC-A0F7-87DAD99505F0}.Debug|Any CPU.ActiveCfg = Debug|Any CPU
		{3D545DF6-96E7-4DDC-A0F7-87DAD99505F0}.Debug|Any CPU.Build.0 = Debug|Any CPU
		{3D545DF6-96E7-4DDC-A0F7-87DAD99505F0}.Release|Any CPU.ActiveCfg = Release|Any CPU
		{3D545DF6-96E7-4DDC-A0F7-87DAD99505F0}.Release|Any CPU.Build.0 = Release|Any CPU
		{E7CD294D-73AA-4888-A858-3B318B998364}.Debug|Any CPU.ActiveCfg = Debug|Any CPU
		{E7CD294D-73AA-4888-A858-3B318B998364}.Debug|Any CPU.Build.0 = Debug|Any CPU
		{E7CD294D-73AA-4888-A858-3B318B998364}.Release|Any CPU.ActiveCfg = Release|Any CPU
		{E7CD294D-73AA-4888-A858-3B318B998364}.Release|Any CPU.Build.0 = Release|Any CPU
		{63053331-1FA3-4A0F-9BC9-E88BE6F9860D}.Debug|Any CPU.ActiveCfg = Debug|Any CPU
		{63053331-1FA3-4A0F-9BC9-E88BE6F9860D}.Debug|Any CPU.Build.0 = Debug|Any CPU
		{63053331-1FA3-4A0F-9BC9-E88BE6F9860D}.Release|Any CPU.ActiveCfg = Release|Any CPU
		{63053331-1FA3-4A0F-9BC9-E88BE6F9860D}.Release|Any CPU.Build.0 = Release|Any CPU
		{4A3C6B62-1BAD-440A-8634-A85A3E4A803F}.Debug|Any CPU.ActiveCfg = Debug|Any CPU
		{4A3C6B62-1BAD-440A-8634-A85A3E4A803F}.Debug|Any CPU.Build.0 = Debug|Any CPU
		{4A3C6B62-1BAD-440A-8634-A85A3E4A803F}.Release|Any CPU.ActiveCfg = Release|Any CPU
		{4A3C6B62-1BAD-440A-8634-A85A3E4A803F}.Release|Any CPU.Build.0 = Release|Any CPU
		{AF3EC447-A7BB-4D03-A385-886FD69760F7}.Debug|Any CPU.ActiveCfg = Debug|Any CPU
		{AF3EC447-A7BB-4D03-A385-886FD69760F7}.Debug|Any CPU.Build.0 = Debug|Any CPU
		{AF3EC447-A7BB-4D03-A385-886FD69760F7}.Release|Any CPU.ActiveCfg = Release|Any CPU
		{AF3EC447-A7BB-4D03-A385-886FD69760F7}.Release|Any CPU.Build.0 = Release|Any CPU
		{5240419F-169A-4981-86D0-31BDDA289903}.Debug|Any CPU.ActiveCfg = Debug|Any CPU
		{5240419F-169A-4981-86D0-31BDDA289903}.Debug|Any CPU.Build.0 = Debug|Any CPU
		{5240419F-169A-4981-86D0-31BDDA289903}.Release|Any CPU.ActiveCfg = Release|Any CPU
		{5240419F-169A-4981-86D0-31BDDA289903}.Release|Any CPU.Build.0 = Release|Any CPU
		{723270D6-7A1C-4DAD-9B58-2E698396E18A}.Debug|Any CPU.ActiveCfg = Debug|Any CPU
		{723270D6-7A1C-4DAD-9B58-2E698396E18A}.Debug|Any CPU.Build.0 = Debug|Any CPU
		{723270D6-7A1C-4DAD-9B58-2E698396E18A}.Release|Any CPU.ActiveCfg = Release|Any CPU
		{723270D6-7A1C-4DAD-9B58-2E698396E18A}.Release|Any CPU.Build.0 = Release|Any CPU
	EndGlobalSection
	GlobalSection(SolutionProperties) = preSolution
		HideSolutionNode = FALSE
	EndGlobalSection
	GlobalSection(ExtensibilityGlobals) = postSolution
		SolutionGuid = {7F4B6610-87DD-40F5-834B-4CB9A6962CF0}
	EndGlobalSection
EndGlobal
